// !$*UTF8*$!
{
	archiveVersion = 1;
	classes = {
	};
	objectVersion = 55;
	objects = {

/* Begin PBXBuildFile section */
		0876383E28F40CFF00BE6B13 /* InputNickNameViewController.swift in Sources */ = {isa = PBXBuildFile; fileRef = 0876383C28F40CFF00BE6B13 /* InputNickNameViewController.swift */; };
		0876383F28F40CFF00BE6B13 /* InputNickNameViewController.xib in Resources */ = {isa = PBXBuildFile; fileRef = 0876383D28F40CFF00BE6B13 /* InputNickNameViewController.xib */; };
		0876384428F40D4500BE6B13 /* InputGenderViewController.swift in Sources */ = {isa = PBXBuildFile; fileRef = 0876384228F40D4500BE6B13 /* InputGenderViewController.swift */; };
		0876384528F40D4500BE6B13 /* InputGenderViewController.xib in Resources */ = {isa = PBXBuildFile; fileRef = 0876384328F40D4500BE6B13 /* InputGenderViewController.xib */; };
		0876384828F40D5300BE6B13 /* InputLocationViewController.swift in Sources */ = {isa = PBXBuildFile; fileRef = 0876384628F40D5300BE6B13 /* InputLocationViewController.swift */; };
		0876384928F40D5300BE6B13 /* InputLocationViewController.xib in Resources */ = {isa = PBXBuildFile; fileRef = 0876384728F40D5300BE6B13 /* InputLocationViewController.xib */; };
		0876384C28F4161D00BE6B13 /* Button+Select.swift in Sources */ = {isa = PBXBuildFile; fileRef = 0876384B28F4161D00BE6B13 /* Button+Select.swift */; };
		0876385728F42DC500BE6B13 /* SearchViewController.swift in Sources */ = {isa = PBXBuildFile; fileRef = 0876385528F42DC500BE6B13 /* SearchViewController.swift */; };
		0876385828F42DC500BE6B13 /* SearchViewController.xib in Resources */ = {isa = PBXBuildFile; fileRef = 0876385628F42DC500BE6B13 /* SearchViewController.xib */; };
		0876385A28F5606200BE6B13 /* TextField+Search.swift in Sources */ = {isa = PBXBuildFile; fileRef = 0876385928F5606200BE6B13 /* TextField+Search.swift */; };
		0876385D28F5691700BE6B13 /* HotStudyCollectionViewCell.swift in Sources */ = {isa = PBXBuildFile; fileRef = 0876385B28F5691700BE6B13 /* HotStudyCollectionViewCell.swift */; };
		0876385E28F5691700BE6B13 /* HotStudyCollectionViewCell.xib in Resources */ = {isa = PBXBuildFile; fileRef = 0876385C28F5691700BE6B13 /* HotStudyCollectionViewCell.xib */; };
		0876386028F580AE00BE6B13 /* StudyDto.swift in Sources */ = {isa = PBXBuildFile; fileRef = 0876385F28F580AE00BE6B13 /* StudyDto.swift */; };
		0876386328F5834400BE6B13 /* SearchHistoryCollectionViewCell.swift in Sources */ = {isa = PBXBuildFile; fileRef = 0876386128F5834400BE6B13 /* SearchHistoryCollectionViewCell.swift */; };
		0876386428F5834400BE6B13 /* SearchHistoryCollectionViewCell.xib in Resources */ = {isa = PBXBuildFile; fileRef = 0876386228F5834400BE6B13 /* SearchHistoryCollectionViewCell.xib */; };
		0876386628F5856D00BE6B13 /* SearchHistoryDB.swift in Sources */ = {isa = PBXBuildFile; fileRef = 0876386528F5856D00BE6B13 /* SearchHistoryDB.swift */; };
		088A62CD28E32B4A00442E6C /* BaseViewController.swift in Sources */ = {isa = PBXBuildFile; fileRef = 088A62CC28E32B4A00442E6C /* BaseViewController.swift */; };
		088A62CF28E32B5500442E6C /* APIManager.swift in Sources */ = {isa = PBXBuildFile; fileRef = 088A62CE28E32B5500442E6C /* APIManager.swift */; };
		088A62D128E32B6800442E6C /* String+Extension.swift in Sources */ = {isa = PBXBuildFile; fileRef = 088A62D028E32B6800442E6C /* String+Extension.swift */; };
		088A62D328E32B8D00442E6C /* Nofile.swift in Sources */ = {isa = PBXBuildFile; fileRef = 088A62D228E32B8D00442E6C /* Nofile.swift */; };
		08DC522D28E4647400B058ED /* Button+General.swift in Sources */ = {isa = PBXBuildFile; fileRef = 08DC522C28E4647400B058ED /* Button+General.swift */; };
		08DC522F28E4662B00B058ED /* Delegate.swift in Sources */ = {isa = PBXBuildFile; fileRef = 08DC522E28E4662B00B058ED /* Delegate.swift */; };
		08DC523128E4663B00B058ED /* DataManager.swift in Sources */ = {isa = PBXBuildFile; fileRef = 08DC523028E4663B00B058ED /* DataManager.swift */; };
		08DC523528E467CE00B058ED /* LoginDto.swift in Sources */ = {isa = PBXBuildFile; fileRef = 08DC523428E467CE00B058ED /* LoginDto.swift */; };
		08DC523928E478D700B058ED /* RootTabViewController.swift in Sources */ = {isa = PBXBuildFile; fileRef = 08DC523728E478D700B058ED /* RootTabViewController.swift */; };
		08DC523A28E478D700B058ED /* RootTabViewController.xib in Resources */ = {isa = PBXBuildFile; fileRef = 08DC523828E478D700B058ED /* RootTabViewController.xib */; };
		08DC524928E8652C00B058ED /* HomeViewController.swift in Sources */ = {isa = PBXBuildFile; fileRef = 08DC524728E8652C00B058ED /* HomeViewController.swift */; };
		08DC524A28E8652C00B058ED /* HomeViewController.xib in Resources */ = {isa = PBXBuildFile; fileRef = 08DC524828E8652C00B058ED /* HomeViewController.xib */; };
		08DC524D28E8653800B058ED /* StudyViewController.swift in Sources */ = {isa = PBXBuildFile; fileRef = 08DC524B28E8653800B058ED /* StudyViewController.swift */; };
		08DC524E28E8653800B058ED /* StudyViewController.xib in Resources */ = {isa = PBXBuildFile; fileRef = 08DC524C28E8653800B058ED /* StudyViewController.xib */; };
		08DC525128E8654400B058ED /* ChattingViewController.swift in Sources */ = {isa = PBXBuildFile; fileRef = 08DC524F28E8654400B058ED /* ChattingViewController.swift */; };
		08DC525228E8654400B058ED /* ChattingViewController.xib in Resources */ = {isa = PBXBuildFile; fileRef = 08DC525028E8654400B058ED /* ChattingViewController.xib */; };
		08DC525528E8654D00B058ED /* MoreViewController.swift in Sources */ = {isa = PBXBuildFile; fileRef = 08DC525328E8654D00B058ED /* MoreViewController.swift */; };
		08DC525628E8654D00B058ED /* MoreViewController.xib in Resources */ = {isa = PBXBuildFile; fileRef = 08DC525428E8654D00B058ED /* MoreViewController.xib */; };
		08DC525828E9806C00B058ED /* TextField+General.swift in Sources */ = {isa = PBXBuildFile; fileRef = 08DC525728E9806C00B058ED /* TextField+General.swift */; };
		08DC525D28E9A9C300B058ED /* SearchHistoryTableViewCell.swift in Sources */ = {isa = PBXBuildFile; fileRef = 08DC525B28E9A9C300B058ED /* SearchHistoryTableViewCell.swift */; };
		08DC525E28E9A9C300B058ED /* SearchHistoryTableViewCell.xib in Resources */ = {isa = PBXBuildFile; fileRef = 08DC525C28E9A9C300B058ED /* SearchHistoryTableViewCell.xib */; };
		08DC526128E9AAED00B058ED /* StudyInfoGridCollectionViewCell.swift in Sources */ = {isa = PBXBuildFile; fileRef = 08DC525F28E9AAED00B058ED /* StudyInfoGridCollectionViewCell.swift */; };
		08DC526228E9AAED00B058ED /* StudyInfoGridCollectionViewCell.xib in Resources */ = {isa = PBXBuildFile; fileRef = 08DC526028E9AAED00B058ED /* StudyInfoGridCollectionViewCell.xib */; };
		08DC526528E9AAFE00B058ED /* StudyInfoCollectionViewCell.swift in Sources */ = {isa = PBXBuildFile; fileRef = 08DC526328E9AAFE00B058ED /* StudyInfoCollectionViewCell.swift */; };
		08DC526628E9AAFE00B058ED /* StudyInfoCollectionViewCell.xib in Resources */ = {isa = PBXBuildFile; fileRef = 08DC526428E9AAFE00B058ED /* StudyInfoCollectionViewCell.xib */; };
		08DC526928E9AB2B00B058ED /* MemberProfileCollectionViewCell.swift in Sources */ = {isa = PBXBuildFile; fileRef = 08DC526728E9AB2B00B058ED /* MemberProfileCollectionViewCell.swift */; };
		08DC526A28E9AB2B00B058ED /* MemberProfileCollectionViewCell.xib in Resources */ = {isa = PBXBuildFile; fileRef = 08DC526828E9AB2B00B058ED /* MemberProfileCollectionViewCell.xib */; };
		08DC526D28E9AB6E00B058ED /* ScheduleDetailTableViewCell.swift in Sources */ = {isa = PBXBuildFile; fileRef = 08DC526B28E9AB6E00B058ED /* ScheduleDetailTableViewCell.swift */; };
		08DC526E28E9AB6E00B058ED /* ScheduleDetailTableViewCell.xib in Resources */ = {isa = PBXBuildFile; fileRef = 08DC526C28E9AB6E00B058ED /* ScheduleDetailTableViewCell.xib */; };
		08DC527128E9AB7700B058ED /* ScheduleTableViewCell.swift in Sources */ = {isa = PBXBuildFile; fileRef = 08DC526F28E9AB7700B058ED /* ScheduleTableViewCell.swift */; };
		08DC527228E9AB7700B058ED /* ScheduleTableViewCell.xib in Resources */ = {isa = PBXBuildFile; fileRef = 08DC527028E9AB7700B058ED /* ScheduleTableViewCell.xib */; };
		08DC527528E9AB9F00B058ED /* ColorSetCollectionViewCell.swift in Sources */ = {isa = PBXBuildFile; fileRef = 08DC527328E9AB9F00B058ED /* ColorSetCollectionViewCell.swift */; };
		08DC527628E9AB9F00B058ED /* ColorSetCollectionViewCell.xib in Resources */ = {isa = PBXBuildFile; fileRef = 08DC527428E9AB9F00B058ED /* ColorSetCollectionViewCell.xib */; };
		08DC527928E9ABD800B058ED /* VoteTableViewCell.swift in Sources */ = {isa = PBXBuildFile; fileRef = 08DC527728E9ABD800B058ED /* VoteTableViewCell.swift */; };
		08DC527A28E9ABD800B058ED /* VoteTableViewCell.xib in Resources */ = {isa = PBXBuildFile; fileRef = 08DC527828E9ABD800B058ED /* VoteTableViewCell.xib */; };
		191A969028F66382007E2F04 /* SelectStartEndSegmentTableViewCell.swift in Sources */ = {isa = PBXBuildFile; fileRef = 191A968E28F66382007E2F04 /* SelectStartEndSegmentTableViewCell.swift */; };
		191A969128F66382007E2F04 /* SelectStartEndSegmentTableViewCell.xib in Resources */ = {isa = PBXBuildFile; fileRef = 191A968F28F66382007E2F04 /* SelectStartEndSegmentTableViewCell.xib */; };
		191A969728F6922F007E2F04 /* CustomSegmentControl.swift in Sources */ = {isa = PBXBuildFile; fileRef = 191A969628F6922F007E2F04 /* CustomSegmentControl.swift */; };
		191E2E3A28ED12DB00BB92DF /* StudyPlanPopupViewController.swift in Sources */ = {isa = PBXBuildFile; fileRef = 191E2E3828ED12DB00BB92DF /* StudyPlanPopupViewController.swift */; };
		191E2E3B28ED12DB00BB92DF /* StudyPlanPopupViewController.xib in Resources */ = {isa = PBXBuildFile; fileRef = 191E2E3928ED12DB00BB92DF /* StudyPlanPopupViewController.xib */; };
		192C3DAF28E55FCF003563D3 /* CustomNavigationBar.swift in Sources */ = {isa = PBXBuildFile; fileRef = 192C3DAE28E55FCF003563D3 /* CustomNavigationBar.swift */; };
		192C3DB328E56BAF003563D3 /* Notification+Extension.swift in Sources */ = {isa = PBXBuildFile; fileRef = 192C3DB228E56BAF003563D3 /* Notification+Extension.swift */; };
		192C3DB528E56DAA003563D3 /* CALayer+Extension.swift in Sources */ = {isa = PBXBuildFile; fileRef = 192C3DB428E56DAA003563D3 /* CALayer+Extension.swift */; };
		1961AD8328F4EB6F0032FE7A /* VoteViewController.swift in Sources */ = {isa = PBXBuildFile; fileRef = 1961AD8128F4EB6F0032FE7A /* VoteViewController.swift */; };
		1961AD8428F4EB6F0032FE7A /* VoteViewController.xib in Resources */ = {isa = PBXBuildFile; fileRef = 1961AD8228F4EB6F0032FE7A /* VoteViewController.xib */; };
		1961AD8728F4EC920032FE7A /* VoteTitleTableViewCell.swift in Sources */ = {isa = PBXBuildFile; fileRef = 1961AD8528F4EC920032FE7A /* VoteTitleTableViewCell.swift */; };
		1961AD8828F4EC920032FE7A /* VoteTitleTableViewCell.xib in Resources */ = {isa = PBXBuildFile; fileRef = 1961AD8628F4EC920032FE7A /* VoteTitleTableViewCell.xib */; };
		19690EA828F0F9F0006EEE8D /* CategoryItemCollectionViewCell.swift in Sources */ = {isa = PBXBuildFile; fileRef = 19690EA428F0F9F0006EEE8D /* CategoryItemCollectionViewCell.swift */; };
		19690EA928F0F9F0006EEE8D /* CategoryItemCollectionViewCell.xib in Resources */ = {isa = PBXBuildFile; fileRef = 19690EA528F0F9F0006EEE8D /* CategoryItemCollectionViewCell.xib */; };
		19690EAA28F0F9F0006EEE8D /* CategoryViewController.xib in Resources */ = {isa = PBXBuildFile; fileRef = 19690EA628F0F9F0006EEE8D /* CategoryViewController.xib */; };
		19690EAB28F0F9F0006EEE8D /* CategoryViewController.swift in Sources */ = {isa = PBXBuildFile; fileRef = 19690EA728F0F9F0006EEE8D /* CategoryViewController.swift */; };
		19690EAE28F0FA05006EEE8D /* AgreementsViewController.swift in Sources */ = {isa = PBXBuildFile; fileRef = 19690EAC28F0FA05006EEE8D /* AgreementsViewController.swift */; };
		19690EAF28F0FA05006EEE8D /* AgreementsViewController.xib in Resources */ = {isa = PBXBuildFile; fileRef = 19690EAD28F0FA05006EEE8D /* AgreementsViewController.xib */; };
		1972784F28F645390029F27D /* SelectDatePopupViewController.swift in Sources */ = {isa = PBXBuildFile; fileRef = 1972784D28F645390029F27D /* SelectDatePopupViewController.swift */; };
		1972785028F645390029F27D /* SelectDatePopupViewController.xib in Resources */ = {isa = PBXBuildFile; fileRef = 1972784E28F645390029F27D /* SelectDatePopupViewController.xib */; };
		197CE78228F526530042A6EA /* StudyPlanTitleTableViewCell.swift in Sources */ = {isa = PBXBuildFile; fileRef = 197CE78028F526530042A6EA /* StudyPlanTitleTableViewCell.swift */; };
		197CE78328F526530042A6EA /* StudyPlanTitleTableViewCell.xib in Resources */ = {isa = PBXBuildFile; fileRef = 197CE78128F526530042A6EA /* StudyPlanTitleTableViewCell.xib */; };
		197CE78628F528490042A6EA /* CustomPickerTableViewCell.swift in Sources */ = {isa = PBXBuildFile; fileRef = 197CE78428F528490042A6EA /* CustomPickerTableViewCell.swift */; };
		197CE78728F528490042A6EA /* CustomPickerTableViewCell.xib in Resources */ = {isa = PBXBuildFile; fileRef = 197CE78528F528490042A6EA /* CustomPickerTableViewCell.xib */; };
		197CE78A28F550950042A6EA /* CustomCalendarTableViewCell.swift in Sources */ = {isa = PBXBuildFile; fileRef = 197CE78828F550950042A6EA /* CustomCalendarTableViewCell.swift */; };
		197CE78B28F550950042A6EA /* CustomCalendarTableViewCell.xib in Resources */ = {isa = PBXBuildFile; fileRef = 197CE78928F550950042A6EA /* CustomCalendarTableViewCell.xib */; };
		197CE78D28F556B70042A6EA /* Main.storyboard in Resources */ = {isa = PBXBuildFile; fileRef = 197CE78C28F556B70042A6EA /* Main.storyboard */; };
		197CE78F28F557AE0042A6EA /* ViewController.swift in Sources */ = {isa = PBXBuildFile; fileRef = 197CE78E28F557AE0042A6EA /* ViewController.swift */; };
		19868C4C28EC5C550093DF76 /* StudyBannerCollectionViewCell.swift in Sources */ = {isa = PBXBuildFile; fileRef = 19868C4A28EC5C550093DF76 /* StudyBannerCollectionViewCell.swift */; };
		19868C4D28EC5C550093DF76 /* StudyBannerCollectionViewCell.xib in Resources */ = {isa = PBXBuildFile; fileRef = 19868C4B28EC5C550093DF76 /* StudyBannerCollectionViewCell.xib */; };
		CC7CC9DA10D494D83221F8DF /* Pods_AroundStudy.framework in Frameworks */ = {isa = PBXBuildFile; fileRef = 132B1B51ED5CA8B98EE79822 /* Pods_AroundStudy.framework */; };
		DF03FC2C28ED795300C564FA /* HomeCategoryCollectionViewCell.swift in Sources */ = {isa = PBXBuildFile; fileRef = DF03FC2A28ED795300C564FA /* HomeCategoryCollectionViewCell.swift */; };
		DF03FC2D28ED795300C564FA /* HomeCategoryCollectionViewCell.xib in Resources */ = {isa = PBXBuildFile; fileRef = DF03FC2B28ED795300C564FA /* HomeCategoryCollectionViewCell.xib */; };
		DF068CB128EC496700083917 /* PermissionViewController.swift in Sources */ = {isa = PBXBuildFile; fileRef = DF068CAF28EC496700083917 /* PermissionViewController.swift */; };
		DF068CB228EC496700083917 /* PermissionViewController.xib in Resources */ = {isa = PBXBuildFile; fileRef = DF068CB028EC496700083917 /* PermissionViewController.xib */; };
		DF068CB728EC603800083917 /* PermissionTableViewCell.swift in Sources */ = {isa = PBXBuildFile; fileRef = DF068CB528EC603800083917 /* PermissionTableViewCell.swift */; };
		DF068CB828EC603800083917 /* PermissionTableViewCell.xib in Resources */ = {isa = PBXBuildFile; fileRef = DF068CB628EC603800083917 /* PermissionTableViewCell.xib */; };
		DF15CBDE28E85AB0009F24CB /* Pretendard-Medium.otf in Resources */ = {isa = PBXBuildFile; fileRef = DF15CBDA28E85AB0009F24CB /* Pretendard-Medium.otf */; };
		DF15CBDF28E85AB0009F24CB /* Pretendard-Bold.otf in Resources */ = {isa = PBXBuildFile; fileRef = DF15CBDB28E85AB0009F24CB /* Pretendard-Bold.otf */; };
		DF15CBE028E85AB0009F24CB /* Pretendard-Regular.otf in Resources */ = {isa = PBXBuildFile; fileRef = DF15CBDC28E85AB0009F24CB /* Pretendard-Regular.otf */; };
		DF15CBE128E85AB0009F24CB /* Pretendard-SemiBold.otf in Resources */ = {isa = PBXBuildFile; fileRef = DF15CBDD28E85AB0009F24CB /* Pretendard-SemiBold.otf */; };
		DF15CBE328E861E1009F24CB /* BoxLabel.swift in Sources */ = {isa = PBXBuildFile; fileRef = DF15CBE228E861E1009F24CB /* BoxLabel.swift */; };
		DF1D5B7C28EAEFAD00B875D5 /* VoteDetailItemView.swift in Sources */ = {isa = PBXBuildFile; fileRef = DF1D5B7B28EAEFAD00B875D5 /* VoteDetailItemView.swift */; };
		DF1D5B7F28EAFD2600B875D5 /* RegisterIndicatorView.swift in Sources */ = {isa = PBXBuildFile; fileRef = DF1D5B7E28EAFD2600B875D5 /* RegisterIndicatorView.swift */; };
		DF5EC62228E6D522003411D3 /* TestViewController.xib in Resources */ = {isa = PBXBuildFile; fileRef = DF5EC62028E6D522003411D3 /* TestViewController.xib */; };
		DF7B4C5628E47C350031B56B /* Authorization.swift in Sources */ = {isa = PBXBuildFile; fileRef = DF7B4C5528E47C350031B56B /* Authorization.swift */; };
		DF88222E28EFB13F00993F2E /* SocialLoginViewController.swift in Sources */ = {isa = PBXBuildFile; fileRef = DF88222C28EFB13F00993F2E /* SocialLoginViewController.swift */; };
		DF88222F28EFB13F00993F2E /* SocialLoginViewController.xib in Resources */ = {isa = PBXBuildFile; fileRef = DF88222D28EFB13F00993F2E /* SocialLoginViewController.xib */; };
		DF88223328EFBB5600993F2E /* RegisterCompleteViewController.swift in Sources */ = {isa = PBXBuildFile; fileRef = DF88223128EFBB5600993F2E /* RegisterCompleteViewController.swift */; };
		DF88223428EFBB5600993F2E /* RegisterCompleteViewController.xib in Resources */ = {isa = PBXBuildFile; fileRef = DF88223228EFBB5600993F2E /* RegisterCompleteViewController.xib */; };
		DF89A80D28E6F0D10039E364 /* ThumbnailImageView.swift in Sources */ = {isa = PBXBuildFile; fileRef = DF89A80C28E6F0D10039E364 /* ThumbnailImageView.swift */; };
		DFCBDD8128E93714008A7E02 /* CommonPopupViewController.xib in Resources */ = {isa = PBXBuildFile; fileRef = DFCBDD7F28E93714008A7E02 /* CommonPopupViewController.xib */; };
		DFCBDD8228E94240008A7E02 /* TestViewController.swift in Sources */ = {isa = PBXBuildFile; fileRef = DF5EC61F28E6D522003411D3 /* TestViewController.swift */; };
		DFCBDD8328E94244008A7E02 /* CommonPopupViewController.swift in Sources */ = {isa = PBXBuildFile; fileRef = DFCBDD7E28E93714008A7E02 /* CommonPopupViewController.swift */; };
		DFD26DE028F27E5C0091923A /* AddVoteViewController.swift in Sources */ = {isa = PBXBuildFile; fileRef = DFD26DDE28F27E5C0091923A /* AddVoteViewController.swift */; };
		DFD26DE128F27E5C0091923A /* AddVoteViewController.xib in Resources */ = {isa = PBXBuildFile; fileRef = DFD26DDF28F27E5C0091923A /* AddVoteViewController.xib */; };
		DFE0373628E27B5B00BE9E35 /* AppDelegate.swift in Sources */ = {isa = PBXBuildFile; fileRef = DFE0373528E27B5B00BE9E35 /* AppDelegate.swift */; };
		DFE0373F28E27B5D00BE9E35 /* Assets.xcassets in Resources */ = {isa = PBXBuildFile; fileRef = DFE0373E28E27B5D00BE9E35 /* Assets.xcassets */; };
		DFE0374228E27B5D00BE9E35 /* LaunchScreen.storyboard in Resources */ = {isa = PBXBuildFile; fileRef = DFE0374028E27B5D00BE9E35 /* LaunchScreen.storyboard */; };
		DFEA71C728F42B77005DFD78 /* AddVoteBorderView.swift in Sources */ = {isa = PBXBuildFile; fileRef = DFEA71C628F42B77005DFD78 /* AddVoteBorderView.swift */; };
		DFEA71C928F42B7F005DFD78 /* AddVoteBorderView.xib in Resources */ = {isa = PBXBuildFile; fileRef = DFEA71C828F42B7F005DFD78 /* AddVoteBorderView.xib */; };
		DFEC1FBA28F675F8009B866E /* AddVoteTextfieldView.swift in Sources */ = {isa = PBXBuildFile; fileRef = DFEC1FB928F675F8009B866E /* AddVoteTextfieldView.swift */; };
		DFEC1FBD28F6B39E009B866E /* PlanMainView.swift in Sources */ = {isa = PBXBuildFile; fileRef = DFEC1FBC28F6B39E009B866E /* PlanMainView.swift */; };
		DFFD345E28EEFADB00CFCB74 /* OnboardingViewController.swift in Sources */ = {isa = PBXBuildFile; fileRef = DFFD345C28EEFADB00CFCB74 /* OnboardingViewController.swift */; };
		DFFD345F28EEFADB00CFCB74 /* OnboardingViewController.xib in Resources */ = {isa = PBXBuildFile; fileRef = DFFD345D28EEFADB00CFCB74 /* OnboardingViewController.xib */; };
/* End PBXBuildFile section */

/* Begin PBXFileReference section */
		0003277DD7AD64CED1AF30D9 /* Pods-AroundStudy.debug.xcconfig */ = {isa = PBXFileReference; includeInIndex = 1; lastKnownFileType = text.xcconfig; name = "Pods-AroundStudy.debug.xcconfig"; path = "Target Support Files/Pods-AroundStudy/Pods-AroundStudy.debug.xcconfig"; sourceTree = "<group>"; };
		0876383C28F40CFF00BE6B13 /* InputNickNameViewController.swift */ = {isa = PBXFileReference; lastKnownFileType = sourcecode.swift; path = InputNickNameViewController.swift; sourceTree = "<group>"; };
		0876383D28F40CFF00BE6B13 /* InputNickNameViewController.xib */ = {isa = PBXFileReference; lastKnownFileType = file.xib; path = InputNickNameViewController.xib; sourceTree = "<group>"; };
		0876384228F40D4500BE6B13 /* InputGenderViewController.swift */ = {isa = PBXFileReference; lastKnownFileType = sourcecode.swift; path = InputGenderViewController.swift; sourceTree = "<group>"; };
		0876384328F40D4500BE6B13 /* InputGenderViewController.xib */ = {isa = PBXFileReference; lastKnownFileType = file.xib; path = InputGenderViewController.xib; sourceTree = "<group>"; };
		0876384628F40D5300BE6B13 /* InputLocationViewController.swift */ = {isa = PBXFileReference; lastKnownFileType = sourcecode.swift; path = InputLocationViewController.swift; sourceTree = "<group>"; };
		0876384728F40D5300BE6B13 /* InputLocationViewController.xib */ = {isa = PBXFileReference; lastKnownFileType = file.xib; path = InputLocationViewController.xib; sourceTree = "<group>"; };
		0876384B28F4161D00BE6B13 /* Button+Select.swift */ = {isa = PBXFileReference; lastKnownFileType = sourcecode.swift; path = "Button+Select.swift"; sourceTree = "<group>"; };
		0876385528F42DC500BE6B13 /* SearchViewController.swift */ = {isa = PBXFileReference; lastKnownFileType = sourcecode.swift; path = SearchViewController.swift; sourceTree = "<group>"; };
		0876385628F42DC500BE6B13 /* SearchViewController.xib */ = {isa = PBXFileReference; lastKnownFileType = file.xib; path = SearchViewController.xib; sourceTree = "<group>"; };
		0876385928F5606200BE6B13 /* TextField+Search.swift */ = {isa = PBXFileReference; lastKnownFileType = sourcecode.swift; path = "TextField+Search.swift"; sourceTree = "<group>"; };
		0876385B28F5691700BE6B13 /* HotStudyCollectionViewCell.swift */ = {isa = PBXFileReference; lastKnownFileType = sourcecode.swift; path = HotStudyCollectionViewCell.swift; sourceTree = "<group>"; };
		0876385C28F5691700BE6B13 /* HotStudyCollectionViewCell.xib */ = {isa = PBXFileReference; lastKnownFileType = file.xib; path = HotStudyCollectionViewCell.xib; sourceTree = "<group>"; };
		0876385F28F580AE00BE6B13 /* StudyDto.swift */ = {isa = PBXFileReference; lastKnownFileType = sourcecode.swift; path = StudyDto.swift; sourceTree = "<group>"; };
		0876386128F5834400BE6B13 /* SearchHistoryCollectionViewCell.swift */ = {isa = PBXFileReference; lastKnownFileType = sourcecode.swift; path = SearchHistoryCollectionViewCell.swift; sourceTree = "<group>"; };
		0876386228F5834400BE6B13 /* SearchHistoryCollectionViewCell.xib */ = {isa = PBXFileReference; lastKnownFileType = file.xib; path = SearchHistoryCollectionViewCell.xib; sourceTree = "<group>"; };
		0876386528F5856D00BE6B13 /* SearchHistoryDB.swift */ = {isa = PBXFileReference; lastKnownFileType = sourcecode.swift; path = SearchHistoryDB.swift; sourceTree = "<group>"; };
		088A62CC28E32B4A00442E6C /* BaseViewController.swift */ = {isa = PBXFileReference; lastKnownFileType = sourcecode.swift; path = BaseViewController.swift; sourceTree = "<group>"; };
		088A62CE28E32B5500442E6C /* APIManager.swift */ = {isa = PBXFileReference; lastKnownFileType = sourcecode.swift; path = APIManager.swift; sourceTree = "<group>"; };
		088A62D028E32B6800442E6C /* String+Extension.swift */ = {isa = PBXFileReference; lastKnownFileType = sourcecode.swift; path = "String+Extension.swift"; sourceTree = "<group>"; };
		088A62D228E32B8D00442E6C /* Nofile.swift */ = {isa = PBXFileReference; lastKnownFileType = sourcecode.swift; path = Nofile.swift; sourceTree = "<group>"; };
		08DC522C28E4647400B058ED /* Button+General.swift */ = {isa = PBXFileReference; lastKnownFileType = sourcecode.swift; path = "Button+General.swift"; sourceTree = "<group>"; };
		08DC522E28E4662B00B058ED /* Delegate.swift */ = {isa = PBXFileReference; lastKnownFileType = sourcecode.swift; path = Delegate.swift; sourceTree = "<group>"; };
		08DC523028E4663B00B058ED /* DataManager.swift */ = {isa = PBXFileReference; lastKnownFileType = sourcecode.swift; path = DataManager.swift; sourceTree = "<group>"; };
		08DC523428E467CE00B058ED /* LoginDto.swift */ = {isa = PBXFileReference; lastKnownFileType = sourcecode.swift; path = LoginDto.swift; sourceTree = "<group>"; };
		08DC523728E478D700B058ED /* RootTabViewController.swift */ = {isa = PBXFileReference; lastKnownFileType = sourcecode.swift; path = RootTabViewController.swift; sourceTree = "<group>"; };
		08DC523828E478D700B058ED /* RootTabViewController.xib */ = {isa = PBXFileReference; lastKnownFileType = file.xib; path = RootTabViewController.xib; sourceTree = "<group>"; };
		08DC524728E8652C00B058ED /* HomeViewController.swift */ = {isa = PBXFileReference; lastKnownFileType = sourcecode.swift; path = HomeViewController.swift; sourceTree = "<group>"; };
		08DC524828E8652C00B058ED /* HomeViewController.xib */ = {isa = PBXFileReference; lastKnownFileType = file.xib; path = HomeViewController.xib; sourceTree = "<group>"; };
		08DC524B28E8653800B058ED /* StudyViewController.swift */ = {isa = PBXFileReference; lastKnownFileType = sourcecode.swift; path = StudyViewController.swift; sourceTree = "<group>"; };
		08DC524C28E8653800B058ED /* StudyViewController.xib */ = {isa = PBXFileReference; lastKnownFileType = file.xib; path = StudyViewController.xib; sourceTree = "<group>"; };
		08DC524F28E8654400B058ED /* ChattingViewController.swift */ = {isa = PBXFileReference; lastKnownFileType = sourcecode.swift; path = ChattingViewController.swift; sourceTree = "<group>"; };
		08DC525028E8654400B058ED /* ChattingViewController.xib */ = {isa = PBXFileReference; lastKnownFileType = file.xib; path = ChattingViewController.xib; sourceTree = "<group>"; };
		08DC525328E8654D00B058ED /* MoreViewController.swift */ = {isa = PBXFileReference; lastKnownFileType = sourcecode.swift; path = MoreViewController.swift; sourceTree = "<group>"; };
		08DC525428E8654D00B058ED /* MoreViewController.xib */ = {isa = PBXFileReference; lastKnownFileType = file.xib; path = MoreViewController.xib; sourceTree = "<group>"; };
		08DC525728E9806C00B058ED /* TextField+General.swift */ = {isa = PBXFileReference; lastKnownFileType = sourcecode.swift; path = "TextField+General.swift"; sourceTree = "<group>"; };
		08DC525B28E9A9C300B058ED /* SearchHistoryTableViewCell.swift */ = {isa = PBXFileReference; lastKnownFileType = sourcecode.swift; path = SearchHistoryTableViewCell.swift; sourceTree = "<group>"; };
		08DC525C28E9A9C300B058ED /* SearchHistoryTableViewCell.xib */ = {isa = PBXFileReference; lastKnownFileType = file.xib; path = SearchHistoryTableViewCell.xib; sourceTree = "<group>"; };
		08DC525F28E9AAED00B058ED /* StudyInfoGridCollectionViewCell.swift */ = {isa = PBXFileReference; lastKnownFileType = sourcecode.swift; path = StudyInfoGridCollectionViewCell.swift; sourceTree = "<group>"; };
		08DC526028E9AAED00B058ED /* StudyInfoGridCollectionViewCell.xib */ = {isa = PBXFileReference; lastKnownFileType = file.xib; path = StudyInfoGridCollectionViewCell.xib; sourceTree = "<group>"; };
		08DC526328E9AAFE00B058ED /* StudyInfoCollectionViewCell.swift */ = {isa = PBXFileReference; lastKnownFileType = sourcecode.swift; path = StudyInfoCollectionViewCell.swift; sourceTree = "<group>"; };
		08DC526428E9AAFE00B058ED /* StudyInfoCollectionViewCell.xib */ = {isa = PBXFileReference; lastKnownFileType = file.xib; path = StudyInfoCollectionViewCell.xib; sourceTree = "<group>"; };
		08DC526728E9AB2B00B058ED /* MemberProfileCollectionViewCell.swift */ = {isa = PBXFileReference; lastKnownFileType = sourcecode.swift; path = MemberProfileCollectionViewCell.swift; sourceTree = "<group>"; };
		08DC526828E9AB2B00B058ED /* MemberProfileCollectionViewCell.xib */ = {isa = PBXFileReference; lastKnownFileType = file.xib; path = MemberProfileCollectionViewCell.xib; sourceTree = "<group>"; };
		08DC526B28E9AB6E00B058ED /* ScheduleDetailTableViewCell.swift */ = {isa = PBXFileReference; lastKnownFileType = sourcecode.swift; path = ScheduleDetailTableViewCell.swift; sourceTree = "<group>"; };
		08DC526C28E9AB6E00B058ED /* ScheduleDetailTableViewCell.xib */ = {isa = PBXFileReference; lastKnownFileType = file.xib; path = ScheduleDetailTableViewCell.xib; sourceTree = "<group>"; };
		08DC526F28E9AB7700B058ED /* ScheduleTableViewCell.swift */ = {isa = PBXFileReference; lastKnownFileType = sourcecode.swift; path = ScheduleTableViewCell.swift; sourceTree = "<group>"; };
		08DC527028E9AB7700B058ED /* ScheduleTableViewCell.xib */ = {isa = PBXFileReference; lastKnownFileType = file.xib; path = ScheduleTableViewCell.xib; sourceTree = "<group>"; };
		08DC527328E9AB9F00B058ED /* ColorSetCollectionViewCell.swift */ = {isa = PBXFileReference; lastKnownFileType = sourcecode.swift; path = ColorSetCollectionViewCell.swift; sourceTree = "<group>"; };
		08DC527428E9AB9F00B058ED /* ColorSetCollectionViewCell.xib */ = {isa = PBXFileReference; lastKnownFileType = file.xib; path = ColorSetCollectionViewCell.xib; sourceTree = "<group>"; };
		08DC527728E9ABD800B058ED /* VoteTableViewCell.swift */ = {isa = PBXFileReference; lastKnownFileType = sourcecode.swift; path = VoteTableViewCell.swift; sourceTree = "<group>"; };
		08DC527828E9ABD800B058ED /* VoteTableViewCell.xib */ = {isa = PBXFileReference; lastKnownFileType = file.xib; path = VoteTableViewCell.xib; sourceTree = "<group>"; };
		132B1B51ED5CA8B98EE79822 /* Pods_AroundStudy.framework */ = {isa = PBXFileReference; explicitFileType = wrapper.framework; includeInIndex = 0; path = Pods_AroundStudy.framework; sourceTree = BUILT_PRODUCTS_DIR; };
		191A968E28F66382007E2F04 /* SelectStartEndSegmentTableViewCell.swift */ = {isa = PBXFileReference; lastKnownFileType = sourcecode.swift; path = SelectStartEndSegmentTableViewCell.swift; sourceTree = "<group>"; };
		191A968F28F66382007E2F04 /* SelectStartEndSegmentTableViewCell.xib */ = {isa = PBXFileReference; lastKnownFileType = file.xib; path = SelectStartEndSegmentTableViewCell.xib; sourceTree = "<group>"; };
		191A969628F6922F007E2F04 /* CustomSegmentControl.swift */ = {isa = PBXFileReference; lastKnownFileType = sourcecode.swift; path = CustomSegmentControl.swift; sourceTree = "<group>"; };
		191E2E3828ED12DB00BB92DF /* StudyPlanPopupViewController.swift */ = {isa = PBXFileReference; lastKnownFileType = sourcecode.swift; path = StudyPlanPopupViewController.swift; sourceTree = "<group>"; };
		191E2E3928ED12DB00BB92DF /* StudyPlanPopupViewController.xib */ = {isa = PBXFileReference; lastKnownFileType = file.xib; path = StudyPlanPopupViewController.xib; sourceTree = "<group>"; };
		192C3DAE28E55FCF003563D3 /* CustomNavigationBar.swift */ = {isa = PBXFileReference; lastKnownFileType = sourcecode.swift; path = CustomNavigationBar.swift; sourceTree = "<group>"; };
		192C3DB228E56BAF003563D3 /* Notification+Extension.swift */ = {isa = PBXFileReference; lastKnownFileType = sourcecode.swift; path = "Notification+Extension.swift"; sourceTree = "<group>"; };
		192C3DB428E56DAA003563D3 /* CALayer+Extension.swift */ = {isa = PBXFileReference; lastKnownFileType = sourcecode.swift; path = "CALayer+Extension.swift"; sourceTree = "<group>"; };
		1961AD8128F4EB6F0032FE7A /* VoteViewController.swift */ = {isa = PBXFileReference; lastKnownFileType = sourcecode.swift; path = VoteViewController.swift; sourceTree = "<group>"; };
		1961AD8228F4EB6F0032FE7A /* VoteViewController.xib */ = {isa = PBXFileReference; lastKnownFileType = file.xib; path = VoteViewController.xib; sourceTree = "<group>"; };
		1961AD8528F4EC920032FE7A /* VoteTitleTableViewCell.swift */ = {isa = PBXFileReference; lastKnownFileType = sourcecode.swift; path = VoteTitleTableViewCell.swift; sourceTree = "<group>"; };
		1961AD8628F4EC920032FE7A /* VoteTitleTableViewCell.xib */ = {isa = PBXFileReference; lastKnownFileType = file.xib; path = VoteTitleTableViewCell.xib; sourceTree = "<group>"; };
		19690EA428F0F9F0006EEE8D /* CategoryItemCollectionViewCell.swift */ = {isa = PBXFileReference; fileEncoding = 4; lastKnownFileType = sourcecode.swift; path = CategoryItemCollectionViewCell.swift; sourceTree = "<group>"; };
		19690EA528F0F9F0006EEE8D /* CategoryItemCollectionViewCell.xib */ = {isa = PBXFileReference; fileEncoding = 4; lastKnownFileType = file.xib; path = CategoryItemCollectionViewCell.xib; sourceTree = "<group>"; };
		19690EA628F0F9F0006EEE8D /* CategoryViewController.xib */ = {isa = PBXFileReference; fileEncoding = 4; lastKnownFileType = file.xib; path = CategoryViewController.xib; sourceTree = "<group>"; };
		19690EA728F0F9F0006EEE8D /* CategoryViewController.swift */ = {isa = PBXFileReference; fileEncoding = 4; lastKnownFileType = sourcecode.swift; path = CategoryViewController.swift; sourceTree = "<group>"; };
		19690EAC28F0FA05006EEE8D /* AgreementsViewController.swift */ = {isa = PBXFileReference; fileEncoding = 4; lastKnownFileType = sourcecode.swift; path = AgreementsViewController.swift; sourceTree = "<group>"; };
		19690EAD28F0FA05006EEE8D /* AgreementsViewController.xib */ = {isa = PBXFileReference; fileEncoding = 4; lastKnownFileType = file.xib; path = AgreementsViewController.xib; sourceTree = "<group>"; };
		1972784D28F645390029F27D /* SelectDatePopupViewController.swift */ = {isa = PBXFileReference; lastKnownFileType = sourcecode.swift; path = SelectDatePopupViewController.swift; sourceTree = "<group>"; };
		1972784E28F645390029F27D /* SelectDatePopupViewController.xib */ = {isa = PBXFileReference; lastKnownFileType = file.xib; path = SelectDatePopupViewController.xib; sourceTree = "<group>"; };
		197CE78028F526530042A6EA /* StudyPlanTitleTableViewCell.swift */ = {isa = PBXFileReference; lastKnownFileType = sourcecode.swift; path = StudyPlanTitleTableViewCell.swift; sourceTree = "<group>"; };
		197CE78128F526530042A6EA /* StudyPlanTitleTableViewCell.xib */ = {isa = PBXFileReference; lastKnownFileType = file.xib; path = StudyPlanTitleTableViewCell.xib; sourceTree = "<group>"; };
		197CE78428F528490042A6EA /* CustomPickerTableViewCell.swift */ = {isa = PBXFileReference; lastKnownFileType = sourcecode.swift; name = CustomPickerTableViewCell.swift; path = ../CustomPickerTableViewCell.swift; sourceTree = "<group>"; };
		197CE78528F528490042A6EA /* CustomPickerTableViewCell.xib */ = {isa = PBXFileReference; lastKnownFileType = file.xib; name = CustomPickerTableViewCell.xib; path = ../CustomPickerTableViewCell.xib; sourceTree = "<group>"; };
		197CE78828F550950042A6EA /* CustomCalendarTableViewCell.swift */ = {isa = PBXFileReference; lastKnownFileType = sourcecode.swift; name = CustomCalendarTableViewCell.swift; path = ../CustomCalendarTableViewCell.swift; sourceTree = "<group>"; };
		197CE78928F550950042A6EA /* CustomCalendarTableViewCell.xib */ = {isa = PBXFileReference; lastKnownFileType = file.xib; name = CustomCalendarTableViewCell.xib; path = ../CustomCalendarTableViewCell.xib; sourceTree = "<group>"; };
		197CE78C28F556B70042A6EA /* Main.storyboard */ = {isa = PBXFileReference; fileEncoding = 4; lastKnownFileType = file.storyboard; path = Main.storyboard; sourceTree = "<group>"; };
		197CE78E28F557AE0042A6EA /* ViewController.swift */ = {isa = PBXFileReference; fileEncoding = 4; lastKnownFileType = sourcecode.swift; path = ViewController.swift; sourceTree = "<group>"; };
		19868C4A28EC5C550093DF76 /* StudyBannerCollectionViewCell.swift */ = {isa = PBXFileReference; lastKnownFileType = sourcecode.swift; path = StudyBannerCollectionViewCell.swift; sourceTree = "<group>"; };
		19868C4B28EC5C550093DF76 /* StudyBannerCollectionViewCell.xib */ = {isa = PBXFileReference; lastKnownFileType = file.xib; path = StudyBannerCollectionViewCell.xib; sourceTree = "<group>"; };
		82395ECBC730C264D56A62EC /* Pods-AroundStudy.release.xcconfig */ = {isa = PBXFileReference; includeInIndex = 1; lastKnownFileType = text.xcconfig; name = "Pods-AroundStudy.release.xcconfig"; path = "Target Support Files/Pods-AroundStudy/Pods-AroundStudy.release.xcconfig"; sourceTree = "<group>"; };
		DF03FC2A28ED795300C564FA /* HomeCategoryCollectionViewCell.swift */ = {isa = PBXFileReference; lastKnownFileType = sourcecode.swift; path = HomeCategoryCollectionViewCell.swift; sourceTree = "<group>"; };
		DF03FC2B28ED795300C564FA /* HomeCategoryCollectionViewCell.xib */ = {isa = PBXFileReference; lastKnownFileType = file.xib; path = HomeCategoryCollectionViewCell.xib; sourceTree = "<group>"; };
		DF068CAF28EC496700083917 /* PermissionViewController.swift */ = {isa = PBXFileReference; lastKnownFileType = sourcecode.swift; path = PermissionViewController.swift; sourceTree = "<group>"; };
		DF068CB028EC496700083917 /* PermissionViewController.xib */ = {isa = PBXFileReference; lastKnownFileType = file.xib; path = PermissionViewController.xib; sourceTree = "<group>"; };
		DF068CB528EC603800083917 /* PermissionTableViewCell.swift */ = {isa = PBXFileReference; lastKnownFileType = sourcecode.swift; path = PermissionTableViewCell.swift; sourceTree = "<group>"; };
		DF068CB628EC603800083917 /* PermissionTableViewCell.xib */ = {isa = PBXFileReference; lastKnownFileType = file.xib; path = PermissionTableViewCell.xib; sourceTree = "<group>"; };
		DF15CBDA28E85AB0009F24CB /* Pretendard-Medium.otf */ = {isa = PBXFileReference; lastKnownFileType = file; path = "Pretendard-Medium.otf"; sourceTree = "<group>"; };
		DF15CBDB28E85AB0009F24CB /* Pretendard-Bold.otf */ = {isa = PBXFileReference; lastKnownFileType = file; path = "Pretendard-Bold.otf"; sourceTree = "<group>"; };
		DF15CBDC28E85AB0009F24CB /* Pretendard-Regular.otf */ = {isa = PBXFileReference; lastKnownFileType = file; path = "Pretendard-Regular.otf"; sourceTree = "<group>"; };
		DF15CBDD28E85AB0009F24CB /* Pretendard-SemiBold.otf */ = {isa = PBXFileReference; lastKnownFileType = file; path = "Pretendard-SemiBold.otf"; sourceTree = "<group>"; };
		DF15CBE228E861E1009F24CB /* BoxLabel.swift */ = {isa = PBXFileReference; lastKnownFileType = sourcecode.swift; path = BoxLabel.swift; sourceTree = "<group>"; };
		DF1D5B7B28EAEFAD00B875D5 /* VoteDetailItemView.swift */ = {isa = PBXFileReference; lastKnownFileType = sourcecode.swift; path = VoteDetailItemView.swift; sourceTree = "<group>"; };
		DF1D5B7E28EAFD2600B875D5 /* RegisterIndicatorView.swift */ = {isa = PBXFileReference; lastKnownFileType = sourcecode.swift; path = RegisterIndicatorView.swift; sourceTree = "<group>"; };
		DF56234E28E3322000A00258 /* AroundStudy.entitlements */ = {isa = PBXFileReference; lastKnownFileType = text.plist.entitlements; path = AroundStudy.entitlements; sourceTree = "<group>"; };
		DF5EC61F28E6D522003411D3 /* TestViewController.swift */ = {isa = PBXFileReference; lastKnownFileType = sourcecode.swift; path = TestViewController.swift; sourceTree = "<group>"; };
		DF5EC62028E6D522003411D3 /* TestViewController.xib */ = {isa = PBXFileReference; lastKnownFileType = file.xib; path = TestViewController.xib; sourceTree = "<group>"; };
		DF7B4C5528E47C350031B56B /* Authorization.swift */ = {isa = PBXFileReference; lastKnownFileType = sourcecode.swift; path = Authorization.swift; sourceTree = "<group>"; };
		DF88222C28EFB13F00993F2E /* SocialLoginViewController.swift */ = {isa = PBXFileReference; lastKnownFileType = sourcecode.swift; path = SocialLoginViewController.swift; sourceTree = "<group>"; };
		DF88222D28EFB13F00993F2E /* SocialLoginViewController.xib */ = {isa = PBXFileReference; lastKnownFileType = file.xib; path = SocialLoginViewController.xib; sourceTree = "<group>"; };
		DF88223128EFBB5600993F2E /* RegisterCompleteViewController.swift */ = {isa = PBXFileReference; lastKnownFileType = sourcecode.swift; path = RegisterCompleteViewController.swift; sourceTree = "<group>"; };
		DF88223228EFBB5600993F2E /* RegisterCompleteViewController.xib */ = {isa = PBXFileReference; lastKnownFileType = file.xib; path = RegisterCompleteViewController.xib; sourceTree = "<group>"; };
		DF89A80C28E6F0D10039E364 /* ThumbnailImageView.swift */ = {isa = PBXFileReference; lastKnownFileType = sourcecode.swift; path = ThumbnailImageView.swift; sourceTree = "<group>"; };
		DFCBDD7E28E93714008A7E02 /* CommonPopupViewController.swift */ = {isa = PBXFileReference; lastKnownFileType = sourcecode.swift; path = CommonPopupViewController.swift; sourceTree = "<group>"; };
		DFCBDD7F28E93714008A7E02 /* CommonPopupViewController.xib */ = {isa = PBXFileReference; lastKnownFileType = file.xib; path = CommonPopupViewController.xib; sourceTree = "<group>"; };
		DFD26DDE28F27E5C0091923A /* AddVoteViewController.swift */ = {isa = PBXFileReference; lastKnownFileType = sourcecode.swift; path = AddVoteViewController.swift; sourceTree = "<group>"; };
		DFD26DDF28F27E5C0091923A /* AddVoteViewController.xib */ = {isa = PBXFileReference; lastKnownFileType = file.xib; path = AddVoteViewController.xib; sourceTree = "<group>"; };
		DFE0373228E27B5B00BE9E35 /* AroundStudy.app */ = {isa = PBXFileReference; explicitFileType = wrapper.application; includeInIndex = 0; path = AroundStudy.app; sourceTree = BUILT_PRODUCTS_DIR; };
		DFE0373528E27B5B00BE9E35 /* AppDelegate.swift */ = {isa = PBXFileReference; lastKnownFileType = sourcecode.swift; path = AppDelegate.swift; sourceTree = "<group>"; };
		DFE0373E28E27B5D00BE9E35 /* Assets.xcassets */ = {isa = PBXFileReference; lastKnownFileType = folder.assetcatalog; path = Assets.xcassets; sourceTree = "<group>"; };
		DFE0374128E27B5D00BE9E35 /* Base */ = {isa = PBXFileReference; lastKnownFileType = file.storyboard; name = Base; path = Base.lproj/LaunchScreen.storyboard; sourceTree = "<group>"; };
		DFE0374328E27B5D00BE9E35 /* Info.plist */ = {isa = PBXFileReference; lastKnownFileType = text.plist.xml; path = Info.plist; sourceTree = "<group>"; };
		DFEA71C628F42B77005DFD78 /* AddVoteBorderView.swift */ = {isa = PBXFileReference; lastKnownFileType = sourcecode.swift; path = AddVoteBorderView.swift; sourceTree = "<group>"; };
		DFEA71C828F42B7F005DFD78 /* AddVoteBorderView.xib */ = {isa = PBXFileReference; lastKnownFileType = file.xib; path = AddVoteBorderView.xib; sourceTree = "<group>"; };
		DFEC1FB928F675F8009B866E /* AddVoteTextfieldView.swift */ = {isa = PBXFileReference; lastKnownFileType = sourcecode.swift; path = AddVoteTextfieldView.swift; sourceTree = "<group>"; };
		DFEC1FBC28F6B39E009B866E /* PlanMainView.swift */ = {isa = PBXFileReference; lastKnownFileType = sourcecode.swift; path = PlanMainView.swift; sourceTree = "<group>"; };
		DFFD345C28EEFADB00CFCB74 /* OnboardingViewController.swift */ = {isa = PBXFileReference; lastKnownFileType = sourcecode.swift; path = OnboardingViewController.swift; sourceTree = "<group>"; };
		DFFD345D28EEFADB00CFCB74 /* OnboardingViewController.xib */ = {isa = PBXFileReference; lastKnownFileType = file.xib; path = OnboardingViewController.xib; sourceTree = "<group>"; };
/* End PBXFileReference section */

/* Begin PBXFrameworksBuildPhase section */
		DFE0372F28E27B5B00BE9E35 /* Frameworks */ = {
			isa = PBXFrameworksBuildPhase;
			buildActionMask = 2147483647;
			files = (
				CC7CC9DA10D494D83221F8DF /* Pods_AroundStudy.framework in Frameworks */,
			);
			runOnlyForDeploymentPostprocessing = 0;
		};
/* End PBXFrameworksBuildPhase section */

/* Begin PBXGroup section */
		0876385428F42DB600BE6B13 /* 홈-검색 */ = {
			isa = PBXGroup;
			children = (
				0876385528F42DC500BE6B13 /* SearchViewController.swift */,
				0876385628F42DC500BE6B13 /* SearchViewController.xib */,
			);
			name = "홈-검색";
			sourceTree = "<group>";
		};
		088A62C128E3197300442E6C /* Model */ = {
			isa = PBXGroup;
			children = (
				08DC523328E4679100B058ED /* DB */,
				08DC523228E4675A00B058ED /* Struct */,
				088A62CE28E32B5500442E6C /* APIManager.swift */,
			);
			path = Model;
			sourceTree = "<group>";
		};
		088A62C328E3198900442E6C /* Resource */ = {
			isa = PBXGroup;
			children = (
				DFFDFAAB28E6B7D700E3E446 /* Fonts */,
				088A62D228E32B8D00442E6C /* Nofile.swift */,
			);
			path = Resource;
			sourceTree = "<group>";
		};
		088A62C428E3199D00442E6C /* Util */ = {
			isa = PBXGroup;
			children = (
				088A62C928E31A7F00442E6C /* Extension */,
				08DC522E28E4662B00B058ED /* Delegate.swift */,
				08DC523028E4663B00B058ED /* DataManager.swift */,
				DF7B4C5528E47C350031B56B /* Authorization.swift */,
			);
			path = Util;
			sourceTree = "<group>";
		};
		088A62C528E319AD00442E6C /* View */ = {
			isa = PBXGroup;
			children = (
				088A62C628E319DA00442E6C /* Common */,
				088A62C728E319FE00442E6C /* 시작-온보딩 */,
				088A62C828E31A1200442E6C /* 시작-접근권한 */,
				DF88222B28EFB11F00993F2E /* 시작-로그인 */,
				DF88223028EFBB3000993F2E /* 시작-가입완료 */,
				DF1D5B7D28EAFD0600B875D5 /* 시작-정보입력 */,
				08DC523628E478A600B058ED /* 홈 */,
				08DC524628E8651100B058ED /* 홈-메인 */,
				08DC524328E864BB00B058ED /* 스터디 */,
				08DC524428E864D400B058ED /* 채팅 */,
				08DC524528E864EB00B058ED /* 더보기 */,
			);
			path = View;
			sourceTree = "<group>";
		};
		088A62C628E319DA00442E6C /* Common */ = {
			isa = PBXGroup;
			children = (
				08DC525A28E9A87D00B058ED /* 공통-셀 */,
				DFCBDD7828E91273008A7E02 /* 공통-팝업 */,
				DF5EC61E28E6D50E003411D3 /* 테스트 */,
				088A62CC28E32B4A00442E6C /* BaseViewController.swift */,
				08DC522C28E4647400B058ED /* Button+General.swift */,
				0876384B28F4161D00BE6B13 /* Button+Select.swift */,
				08DC525728E9806C00B058ED /* TextField+General.swift */,
				0876385928F5606200BE6B13 /* TextField+Search.swift */,
				192C3DAE28E55FCF003563D3 /* CustomNavigationBar.swift */,
				191A969628F6922F007E2F04 /* CustomSegmentControl.swift */,
				DF89A80C28E6F0D10039E364 /* ThumbnailImageView.swift */,
				DF15CBE228E861E1009F24CB /* BoxLabel.swift */,
			);
			path = Common;
			sourceTree = "<group>";
		};
		088A62C728E319FE00442E6C /* 시작-온보딩 */ = {
			isa = PBXGroup;
			children = (
				DFFD345C28EEFADB00CFCB74 /* OnboardingViewController.swift */,
				DFFD345D28EEFADB00CFCB74 /* OnboardingViewController.xib */,
			);
			name = "시작-온보딩";
			sourceTree = "<group>";
		};
		088A62C828E31A1200442E6C /* 시작-접근권한 */ = {
			isa = PBXGroup;
			children = (
				DF068CAF28EC496700083917 /* PermissionViewController.swift */,
				DF068CB028EC496700083917 /* PermissionViewController.xib */,
				DF068CB528EC603800083917 /* PermissionTableViewCell.swift */,
				DF068CB628EC603800083917 /* PermissionTableViewCell.xib */,
			);
			name = "시작-접근권한";
			sourceTree = "<group>";
		};
		088A62C928E31A7F00442E6C /* Extension */ = {
			isa = PBXGroup;
			children = (
				088A62D028E32B6800442E6C /* String+Extension.swift */,
				192C3DB228E56BAF003563D3 /* Notification+Extension.swift */,
				192C3DB428E56DAA003563D3 /* CALayer+Extension.swift */,
			);
			path = Extension;
			sourceTree = "<group>";
		};
		08DC523228E4675A00B058ED /* Struct */ = {
			isa = PBXGroup;
			children = (
				08DC523428E467CE00B058ED /* LoginDto.swift */,
				0876385F28F580AE00BE6B13 /* StudyDto.swift */,
			);
			path = Struct;
			sourceTree = "<group>";
		};
		08DC523328E4679100B058ED /* DB */ = {
			isa = PBXGroup;
			children = (
				0876386528F5856D00BE6B13 /* SearchHistoryDB.swift */,
			);
			path = DB;
			sourceTree = "<group>";
		};
		08DC523628E478A600B058ED /* 홈 */ = {
			isa = PBXGroup;
			children = (
				0876385428F42DB600BE6B13 /* 홈-검색 */,
				08DC523728E478D700B058ED /* RootTabViewController.swift */,
				08DC523828E478D700B058ED /* RootTabViewController.xib */,
				19690EA428F0F9F0006EEE8D /* CategoryItemCollectionViewCell.swift */,
				19690EA528F0F9F0006EEE8D /* CategoryItemCollectionViewCell.xib */,
				19690EA728F0F9F0006EEE8D /* CategoryViewController.swift */,
				19690EA628F0F9F0006EEE8D /* CategoryViewController.xib */,
			);
			name = "홈";
			sourceTree = "<group>";
		};
		08DC524328E864BB00B058ED /* 스터디 */ = {
			isa = PBXGroup;
			children = (
				DFEC1FBB28F6B37B009B866E /* 일정 */,
				DFD26DDD28F27E410091923A /* 투표 */,
				08DC524B28E8653800B058ED /* StudyViewController.swift */,
				08DC524C28E8653800B058ED /* StudyViewController.xib */,
				191E2E3828ED12DB00BB92DF /* StudyPlanPopupViewController.swift */,
				191E2E3928ED12DB00BB92DF /* StudyPlanPopupViewController.xib */,
				197CE78028F526530042A6EA /* StudyPlanTitleTableViewCell.swift */,
				197CE78128F526530042A6EA /* StudyPlanTitleTableViewCell.xib */,
				1972784D28F645390029F27D /* SelectDatePopupViewController.swift */,
				1972784E28F645390029F27D /* SelectDatePopupViewController.xib */,
				191A968E28F66382007E2F04 /* SelectStartEndSegmentTableViewCell.swift */,
				191A968F28F66382007E2F04 /* SelectStartEndSegmentTableViewCell.xib */,
			);
			name = "스터디";
			sourceTree = "<group>";
		};
		08DC524428E864D400B058ED /* 채팅 */ = {
			isa = PBXGroup;
			children = (
				08DC524F28E8654400B058ED /* ChattingViewController.swift */,
				08DC525028E8654400B058ED /* ChattingViewController.xib */,
			);
			name = "채팅";
			sourceTree = "<group>";
		};
		08DC524528E864EB00B058ED /* 더보기 */ = {
			isa = PBXGroup;
			children = (
				08DC525328E8654D00B058ED /* MoreViewController.swift */,
				08DC525428E8654D00B058ED /* MoreViewController.xib */,
			);
			name = "더보기";
			sourceTree = "<group>";
		};
		08DC524628E8651100B058ED /* 홈-메인 */ = {
			isa = PBXGroup;
			children = (
				DF03FC2928ED793600C564FA /* 셀 */,
				08DC524728E8652C00B058ED /* HomeViewController.swift */,
				08DC524828E8652C00B058ED /* HomeViewController.xib */,
			);
			name = "홈-메인";
			sourceTree = "<group>";
		};
		08DC525A28E9A87D00B058ED /* 공통-셀 */ = {
			isa = PBXGroup;
			children = (
				08DC525B28E9A9C300B058ED /* SearchHistoryTableViewCell.swift */,
				08DC525C28E9A9C300B058ED /* SearchHistoryTableViewCell.xib */,
				0876386128F5834400BE6B13 /* SearchHistoryCollectionViewCell.swift */,
				0876386228F5834400BE6B13 /* SearchHistoryCollectionViewCell.xib */,
				08DC525F28E9AAED00B058ED /* StudyInfoGridCollectionViewCell.swift */,
				08DC526028E9AAED00B058ED /* StudyInfoGridCollectionViewCell.xib */,
				08DC526328E9AAFE00B058ED /* StudyInfoCollectionViewCell.swift */,
				08DC526428E9AAFE00B058ED /* StudyInfoCollectionViewCell.xib */,
				19868C4A28EC5C550093DF76 /* StudyBannerCollectionViewCell.swift */,
				19868C4B28EC5C550093DF76 /* StudyBannerCollectionViewCell.xib */,
				08DC526728E9AB2B00B058ED /* MemberProfileCollectionViewCell.swift */,
				08DC526828E9AB2B00B058ED /* MemberProfileCollectionViewCell.xib */,
				08DC526B28E9AB6E00B058ED /* ScheduleDetailTableViewCell.swift */,
				08DC526C28E9AB6E00B058ED /* ScheduleDetailTableViewCell.xib */,
				08DC526F28E9AB7700B058ED /* ScheduleTableViewCell.swift */,
				08DC527028E9AB7700B058ED /* ScheduleTableViewCell.xib */,
				08DC527328E9AB9F00B058ED /* ColorSetCollectionViewCell.swift */,
				08DC527428E9AB9F00B058ED /* ColorSetCollectionViewCell.xib */,
				08DC527728E9ABD800B058ED /* VoteTableViewCell.swift */,
				08DC527828E9ABD800B058ED /* VoteTableViewCell.xib */,
				DF1D5B7B28EAEFAD00B875D5 /* VoteDetailItemView.swift */,
				0876385B28F5691700BE6B13 /* HotStudyCollectionViewCell.swift */,
				0876385C28F5691700BE6B13 /* HotStudyCollectionViewCell.xib */,
				197CE78828F550950042A6EA /* CustomCalendarTableViewCell.swift */,
				197CE78928F550950042A6EA /* CustomCalendarTableViewCell.xib */,
				197CE78428F528490042A6EA /* CustomPickerTableViewCell.swift */,
				197CE78528F528490042A6EA /* CustomPickerTableViewCell.xib */,
			);
			name = "공통-셀";
			sourceTree = "<group>";
		};
		A6E5688C91D72101AD1D6F16 /* Pods */ = {
			isa = PBXGroup;
			children = (
				0003277DD7AD64CED1AF30D9 /* Pods-AroundStudy.debug.xcconfig */,
				82395ECBC730C264D56A62EC /* Pods-AroundStudy.release.xcconfig */,
			);
			path = Pods;
			sourceTree = "<group>";
		};
		C50D9093D7AC0A8A63E9A621 /* Frameworks */ = {
			isa = PBXGroup;
			children = (
				132B1B51ED5CA8B98EE79822 /* Pods_AroundStudy.framework */,
			);
			name = Frameworks;
			sourceTree = "<group>";
		};
		DF03FC2928ED793600C564FA /* 셀 */ = {
			isa = PBXGroup;
			children = (
				DF03FC2A28ED795300C564FA /* HomeCategoryCollectionViewCell.swift */,
				DF03FC2B28ED795300C564FA /* HomeCategoryCollectionViewCell.xib */,
			);
			name = "셀";
			sourceTree = "<group>";
		};
		DF1D5B7D28EAFD0600B875D5 /* 시작-정보입력 */ = {
			isa = PBXGroup;
			children = (
				DF1D5B7E28EAFD2600B875D5 /* RegisterIndicatorView.swift */,
				0876383C28F40CFF00BE6B13 /* InputNickNameViewController.swift */,
				0876383D28F40CFF00BE6B13 /* InputNickNameViewController.xib */,
				0876384228F40D4500BE6B13 /* InputGenderViewController.swift */,
				0876384328F40D4500BE6B13 /* InputGenderViewController.xib */,
				0876384628F40D5300BE6B13 /* InputLocationViewController.swift */,
				0876384728F40D5300BE6B13 /* InputLocationViewController.xib */,
			);
			name = "시작-정보입력";
			sourceTree = "<group>";
		};
		DF5EC61E28E6D50E003411D3 /* 테스트 */ = {
			isa = PBXGroup;
			children = (
				DF5EC61F28E6D522003411D3 /* TestViewController.swift */,
				DF5EC62028E6D522003411D3 /* TestViewController.xib */,
			);
			name = "테스트";
			sourceTree = "<group>";
		};
		DF88222B28EFB11F00993F2E /* 시작-로그인 */ = {
			isa = PBXGroup;
			children = (
				DF88222C28EFB13F00993F2E /* SocialLoginViewController.swift */,
				DF88222D28EFB13F00993F2E /* SocialLoginViewController.xib */,
				19690EAC28F0FA05006EEE8D /* AgreementsViewController.swift */,
				19690EAD28F0FA05006EEE8D /* AgreementsViewController.xib */,
			);
			name = "시작-로그인";
			sourceTree = "<group>";
		};
		DF88223028EFBB3000993F2E /* 시작-가입완료 */ = {
			isa = PBXGroup;
			children = (
				DF88223128EFBB5600993F2E /* RegisterCompleteViewController.swift */,
				DF88223228EFBB5600993F2E /* RegisterCompleteViewController.xib */,
			);
			name = "시작-가입완료";
			sourceTree = "<group>";
		};
		DFCBDD7828E91273008A7E02 /* 공통-팝업 */ = {
			isa = PBXGroup;
			children = (
				DFCBDD7E28E93714008A7E02 /* CommonPopupViewController.swift */,
				DFCBDD7F28E93714008A7E02 /* CommonPopupViewController.xib */,
			);
			name = "공통-팝업";
			sourceTree = "<group>";
		};
		DFD26DDD28F27E410091923A /* 투표 */ = {
			isa = PBXGroup;
			children = (
				1961AD8128F4EB6F0032FE7A /* VoteViewController.swift */,
				1961AD8228F4EB6F0032FE7A /* VoteViewController.xib */,
				1961AD8528F4EC920032FE7A /* VoteTitleTableViewCell.swift */,
				1961AD8628F4EC920032FE7A /* VoteTitleTableViewCell.xib */,
				DFD26DDE28F27E5C0091923A /* AddVoteViewController.swift */,
				DFD26DDF28F27E5C0091923A /* AddVoteViewController.xib */,
				DFEA71C628F42B77005DFD78 /* AddVoteBorderView.swift */,
				DFEA71C828F42B7F005DFD78 /* AddVoteBorderView.xib */,
				DFEC1FB928F675F8009B866E /* AddVoteTextfieldView.swift */,
			);
			name = "투표";
			sourceTree = "<group>";
		};
		DFE0372928E27B5B00BE9E35 = {
			isa = PBXGroup;
			children = (
				DFE0373428E27B5B00BE9E35 /* AroundStudy */,
				DFE0373328E27B5B00BE9E35 /* Products */,
				A6E5688C91D72101AD1D6F16 /* Pods */,
				C50D9093D7AC0A8A63E9A621 /* Frameworks */,
			);
			sourceTree = "<group>";
		};
		DFE0373328E27B5B00BE9E35 /* Products */ = {
			isa = PBXGroup;
			children = (
				DFE0373228E27B5B00BE9E35 /* AroundStudy.app */,
			);
			name = Products;
			sourceTree = "<group>";
		};
		DFE0373428E27B5B00BE9E35 /* AroundStudy */ = {
			isa = PBXGroup;
			children = (
				DF56234E28E3322000A00258 /* AroundStudy.entitlements */,
				088A62C428E3199D00442E6C /* Util */,
				088A62C328E3198900442E6C /* Resource */,
				088A62C128E3197300442E6C /* Model */,
				088A62C528E319AD00442E6C /* View */,
				DFE0373528E27B5B00BE9E35 /* AppDelegate.swift */,
				197CE78C28F556B70042A6EA /* Main.storyboard */,
				197CE78E28F557AE0042A6EA /* ViewController.swift */,
				DFE0373E28E27B5D00BE9E35 /* Assets.xcassets */,
				DFE0374028E27B5D00BE9E35 /* LaunchScreen.storyboard */,
				DFE0374328E27B5D00BE9E35 /* Info.plist */,
			);
			path = AroundStudy;
			sourceTree = "<group>";
		};
		DFEC1FBB28F6B37B009B866E /* 일정 */ = {
			isa = PBXGroup;
			children = (
				DFEC1FBC28F6B39E009B866E /* PlanMainView.swift */,
			);
			name = "일정";
			sourceTree = "<group>";
		};
		DFFDFAAB28E6B7D700E3E446 /* Fonts */ = {
			isa = PBXGroup;
			children = (
				DFFDFAAC28E6B7E200E3E446 /* Pretendard */,
			);
			path = Fonts;
			sourceTree = "<group>";
		};
		DFFDFAAC28E6B7E200E3E446 /* Pretendard */ = {
			isa = PBXGroup;
			children = (
				DF15CBDB28E85AB0009F24CB /* Pretendard-Bold.otf */,
				DF15CBDA28E85AB0009F24CB /* Pretendard-Medium.otf */,
				DF15CBDC28E85AB0009F24CB /* Pretendard-Regular.otf */,
				DF15CBDD28E85AB0009F24CB /* Pretendard-SemiBold.otf */,
			);
			path = Pretendard;
			sourceTree = "<group>";
		};
/* End PBXGroup section */

/* Begin PBXNativeTarget section */
		DFE0373128E27B5B00BE9E35 /* AroundStudy */ = {
			isa = PBXNativeTarget;
			buildConfigurationList = DFE0374628E27B5D00BE9E35 /* Build configuration list for PBXNativeTarget "AroundStudy" */;
			buildPhases = (
				7E8FE15EEE8E17B05B597C5D /* [CP] Check Pods Manifest.lock */,
				DFE0372E28E27B5B00BE9E35 /* Sources */,
				DFE0372F28E27B5B00BE9E35 /* Frameworks */,
				DFE0373028E27B5B00BE9E35 /* Resources */,
				7E2FA57572C5CD359B71796D /* [CP] Copy Pods Resources */,
			);
			buildRules = (
			);
			dependencies = (
			);
			name = AroundStudy;
			productName = AroundStudy;
			productReference = DFE0373228E27B5B00BE9E35 /* AroundStudy.app */;
			productType = "com.apple.product-type.application";
		};
/* End PBXNativeTarget section */

/* Begin PBXProject section */
		DFE0372A28E27B5B00BE9E35 /* Project object */ = {
			isa = PBXProject;
			attributes = {
				BuildIndependentTargetsInParallel = 1;
				LastSwiftUpdateCheck = 1400;
				LastUpgradeCheck = 1400;
				TargetAttributes = {
					DFE0373128E27B5B00BE9E35 = {
						CreatedOnToolsVersion = 14.0;
					};
				};
			};
			buildConfigurationList = DFE0372D28E27B5B00BE9E35 /* Build configuration list for PBXProject "AroundStudy" */;
			compatibilityVersion = "Xcode 13.0";
			developmentRegion = en;
			hasScannedForEncodings = 0;
			knownRegions = (
				en,
				Base,
			);
			mainGroup = DFE0372928E27B5B00BE9E35;
			productRefGroup = DFE0373328E27B5B00BE9E35 /* Products */;
			projectDirPath = "";
			projectRoot = "";
			targets = (
				DFE0373128E27B5B00BE9E35 /* AroundStudy */,
			);
		};
/* End PBXProject section */

/* Begin PBXResourcesBuildPhase section */
		DFE0373028E27B5B00BE9E35 /* Resources */ = {
			isa = PBXResourcesBuildPhase;
			buildActionMask = 2147483647;
			files = (
				19690EAF28F0FA05006EEE8D /* AgreementsViewController.xib in Resources */,
				08DC523A28E478D700B058ED /* RootTabViewController.xib in Resources */,
				DF5EC62228E6D522003411D3 /* TestViewController.xib in Resources */,
				DFCBDD8128E93714008A7E02 /* CommonPopupViewController.xib in Resources */,
				0876384528F40D4500BE6B13 /* InputGenderViewController.xib in Resources */,
				08DC525E28E9A9C300B058ED /* SearchHistoryTableViewCell.xib in Resources */,
				191A969128F66382007E2F04 /* SelectStartEndSegmentTableViewCell.xib in Resources */,
				08DC527628E9AB9F00B058ED /* ColorSetCollectionViewCell.xib in Resources */,
				1961AD8828F4EC920032FE7A /* VoteTitleTableViewCell.xib in Resources */,
				19690EA928F0F9F0006EEE8D /* CategoryItemCollectionViewCell.xib in Resources */,
				0876383F28F40CFF00BE6B13 /* InputNickNameViewController.xib in Resources */,
				DFFD345F28EEFADB00CFCB74 /* OnboardingViewController.xib in Resources */,
				0876385E28F5691700BE6B13 /* HotStudyCollectionViewCell.xib in Resources */,
				08DC527A28E9ABD800B058ED /* VoteTableViewCell.xib in Resources */,
				19690EAA28F0F9F0006EEE8D /* CategoryViewController.xib in Resources */,
				DF15CBDF28E85AB0009F24CB /* Pretendard-Bold.otf in Resources */,
				DF03FC2D28ED795300C564FA /* HomeCategoryCollectionViewCell.xib in Resources */,
				DFEA71C928F42B7F005DFD78 /* AddVoteBorderView.xib in Resources */,
				DFE0374228E27B5D00BE9E35 /* LaunchScreen.storyboard in Resources */,
				08DC526228E9AAED00B058ED /* StudyInfoGridCollectionViewCell.xib in Resources */,
				DFE0373F28E27B5D00BE9E35 /* Assets.xcassets in Resources */,
				DF15CBE028E85AB0009F24CB /* Pretendard-Regular.otf in Resources */,
				0876385828F42DC500BE6B13 /* SearchViewController.xib in Resources */,
				1972785028F645390029F27D /* SelectDatePopupViewController.xib in Resources */,
				08DC525628E8654D00B058ED /* MoreViewController.xib in Resources */,
				197CE78D28F556B70042A6EA /* Main.storyboard in Resources */,
				DF15CBE128E85AB0009F24CB /* Pretendard-SemiBold.otf in Resources */,
				08DC524A28E8652C00B058ED /* HomeViewController.xib in Resources */,
				08DC526A28E9AB2B00B058ED /* MemberProfileCollectionViewCell.xib in Resources */,
				08DC525228E8654400B058ED /* ChattingViewController.xib in Resources */,
				DF068CB828EC603800083917 /* PermissionTableViewCell.xib in Resources */,
				197CE78328F526530042A6EA /* StudyPlanTitleTableViewCell.xib in Resources */,
				0876384928F40D5300BE6B13 /* InputLocationViewController.xib in Resources */,
				197CE78728F528490042A6EA /* CustomPickerTableViewCell.xib in Resources */,
				1961AD8428F4EB6F0032FE7A /* VoteViewController.xib in Resources */,
				DF88223428EFBB5600993F2E /* RegisterCompleteViewController.xib in Resources */,
				0876386428F5834400BE6B13 /* SearchHistoryCollectionViewCell.xib in Resources */,
				08DC527228E9AB7700B058ED /* ScheduleTableViewCell.xib in Resources */,
				08DC526E28E9AB6E00B058ED /* ScheduleDetailTableViewCell.xib in Resources */,
				DF068CB228EC496700083917 /* PermissionViewController.xib in Resources */,
				197CE78B28F550950042A6EA /* CustomCalendarTableViewCell.xib in Resources */,
				DF15CBDE28E85AB0009F24CB /* Pretendard-Medium.otf in Resources */,
				DFD26DE128F27E5C0091923A /* AddVoteViewController.xib in Resources */,
				19868C4D28EC5C550093DF76 /* StudyBannerCollectionViewCell.xib in Resources */,
				DF88222F28EFB13F00993F2E /* SocialLoginViewController.xib in Resources */,
				08DC524E28E8653800B058ED /* StudyViewController.xib in Resources */,
				191E2E3B28ED12DB00BB92DF /* StudyPlanPopupViewController.xib in Resources */,
				08DC526628E9AAFE00B058ED /* StudyInfoCollectionViewCell.xib in Resources */,
			);
			runOnlyForDeploymentPostprocessing = 0;
		};
/* End PBXResourcesBuildPhase section */

/* Begin PBXShellScriptBuildPhase section */
		7E2FA57572C5CD359B71796D /* [CP] Copy Pods Resources */ = {
			isa = PBXShellScriptBuildPhase;
			buildActionMask = 2147483647;
			files = (
			);
			inputFileListPaths = (
				"${PODS_ROOT}/Target Support Files/Pods-AroundStudy/Pods-AroundStudy-resources-${CONFIGURATION}-input-files.xcfilelist",
			);
			name = "[CP] Copy Pods Resources";
			outputFileListPaths = (
				"${PODS_ROOT}/Target Support Files/Pods-AroundStudy/Pods-AroundStudy-resources-${CONFIGURATION}-output-files.xcfilelist",
			);
			runOnlyForDeploymentPostprocessing = 0;
			shellPath = /bin/sh;
			shellScript = "\"${PODS_ROOT}/Target Support Files/Pods-AroundStudy/Pods-AroundStudy-resources.sh\"\n";
			showEnvVarsInLog = 0;
		};
		7E8FE15EEE8E17B05B597C5D /* [CP] Check Pods Manifest.lock */ = {
			isa = PBXShellScriptBuildPhase;
			buildActionMask = 2147483647;
			files = (
			);
			inputFileListPaths = (
			);
			inputPaths = (
				"${PODS_PODFILE_DIR_PATH}/Podfile.lock",
				"${PODS_ROOT}/Manifest.lock",
			);
			name = "[CP] Check Pods Manifest.lock";
			outputFileListPaths = (
			);
			outputPaths = (
				"$(DERIVED_FILE_DIR)/Pods-AroundStudy-checkManifestLockResult.txt",
			);
			runOnlyForDeploymentPostprocessing = 0;
			shellPath = /bin/sh;
			shellScript = "diff \"${PODS_PODFILE_DIR_PATH}/Podfile.lock\" \"${PODS_ROOT}/Manifest.lock\" > /dev/null\nif [ $? != 0 ] ; then\n    # print error to STDERR\n    echo \"error: The sandbox is not in sync with the Podfile.lock. Run 'pod install' or update your CocoaPods installation.\" >&2\n    exit 1\nfi\n# This output is used by Xcode 'outputs' to avoid re-running this script phase.\necho \"SUCCESS\" > \"${SCRIPT_OUTPUT_FILE_0}\"\n";
			showEnvVarsInLog = 0;
		};
/* End PBXShellScriptBuildPhase section */

/* Begin PBXSourcesBuildPhase section */
		DFE0372E28E27B5B00BE9E35 /* Sources */ = {
			isa = PBXSourcesBuildPhase;
			buildActionMask = 2147483647;
			files = (
				0876385D28F5691700BE6B13 /* HotStudyCollectionViewCell.swift in Sources */,
				1961AD8328F4EB6F0032FE7A /* VoteViewController.swift in Sources */,
				DF88223328EFBB5600993F2E /* RegisterCompleteViewController.swift in Sources */,
				1961AD8728F4EC920032FE7A /* VoteTitleTableViewCell.swift in Sources */,
				191A969728F6922F007E2F04 /* CustomSegmentControl.swift in Sources */,
				DFCBDD8328E94244008A7E02 /* CommonPopupViewController.swift in Sources */,
				DFCBDD8228E94240008A7E02 /* TestViewController.swift in Sources */,
				191E2E3A28ED12DB00BB92DF /* StudyPlanPopupViewController.swift in Sources */,
				19690EA828F0F9F0006EEE8D /* CategoryItemCollectionViewCell.swift in Sources */,
				DFEA71C728F42B77005DFD78 /* AddVoteBorderView.swift in Sources */,
				08DC525528E8654D00B058ED /* MoreViewController.swift in Sources */,
				192C3DAF28E55FCF003563D3 /* CustomNavigationBar.swift in Sources */,
				DF068CB128EC496700083917 /* PermissionViewController.swift in Sources */,
				08DC526928E9AB2B00B058ED /* MemberProfileCollectionViewCell.swift in Sources */,
				197CE78A28F550950042A6EA /* CustomCalendarTableViewCell.swift in Sources */,
				088A62D328E32B8D00442E6C /* Nofile.swift in Sources */,
				0876384C28F4161D00BE6B13 /* Button+Select.swift in Sources */,
				0876385A28F5606200BE6B13 /* TextField+Search.swift in Sources */,
				0876386028F580AE00BE6B13 /* StudyDto.swift in Sources */,
				08DC527528E9AB9F00B058ED /* ColorSetCollectionViewCell.swift in Sources */,
				197CE78F28F557AE0042A6EA /* ViewController.swift in Sources */,
				197CE78228F526530042A6EA /* StudyPlanTitleTableViewCell.swift in Sources */,
				DF15CBE328E861E1009F24CB /* BoxLabel.swift in Sources */,
				0876384428F40D4500BE6B13 /* InputGenderViewController.swift in Sources */,
				0876386328F5834400BE6B13 /* SearchHistoryCollectionViewCell.swift in Sources */,
				DFEC1FBD28F6B39E009B866E /* PlanMainView.swift in Sources */,
				08DC523528E467CE00B058ED /* LoginDto.swift in Sources */,
				088A62CF28E32B5500442E6C /* APIManager.swift in Sources */,
				08DC524928E8652C00B058ED /* HomeViewController.swift in Sources */,
				197CE78628F528490042A6EA /* CustomPickerTableViewCell.swift in Sources */,
				DF068CB728EC603800083917 /* PermissionTableViewCell.swift in Sources */,
				DFFD345E28EEFADB00CFCB74 /* OnboardingViewController.swift in Sources */,
				08DC525D28E9A9C300B058ED /* SearchHistoryTableViewCell.swift in Sources */,
				08DC526128E9AAED00B058ED /* StudyInfoGridCollectionViewCell.swift in Sources */,
				DF7B4C5628E47C350031B56B /* Authorization.swift in Sources */,
				19690EAB28F0F9F0006EEE8D /* CategoryViewController.swift in Sources */,
				DF03FC2C28ED795300C564FA /* HomeCategoryCollectionViewCell.swift in Sources */,
				DF1D5B7C28EAEFAD00B875D5 /* VoteDetailItemView.swift in Sources */,
				DFE0373628E27B5B00BE9E35 /* AppDelegate.swift in Sources */,
				08DC522F28E4662B00B058ED /* Delegate.swift in Sources */,
				DF89A80D28E6F0D10039E364 /* ThumbnailImageView.swift in Sources */,
				0876384828F40D5300BE6B13 /* InputLocationViewController.swift in Sources */,
				DF1D5B7F28EAFD2600B875D5 /* RegisterIndicatorView.swift in Sources */,
				08DC524D28E8653800B058ED /* StudyViewController.swift in Sources */,
				19868C4C28EC5C550093DF76 /* StudyBannerCollectionViewCell.swift in Sources */,
				08DC527928E9ABD800B058ED /* VoteTableViewCell.swift in Sources */,
				DFEC1FBA28F675F8009B866E /* AddVoteTextfieldView.swift in Sources */,
				088A62D128E32B6800442E6C /* String+Extension.swift in Sources */,
				DFD26DE028F27E5C0091923A /* AddVoteViewController.swift in Sources */,
				088A62CD28E32B4A00442E6C /* BaseViewController.swift in Sources */,
				0876383E28F40CFF00BE6B13 /* InputNickNameViewController.swift in Sources */,
				08DC526D28E9AB6E00B058ED /* ScheduleDetailTableViewCell.swift in Sources */,
				192C3DB528E56DAA003563D3 /* CALayer+Extension.swift in Sources */,
				192C3DB328E56BAF003563D3 /* Notification+Extension.swift in Sources */,
				0876385728F42DC500BE6B13 /* SearchViewController.swift in Sources */,
				191A969028F66382007E2F04 /* SelectStartEndSegmentTableViewCell.swift in Sources */,
				19690EAE28F0FA05006EEE8D /* AgreementsViewController.swift in Sources */,
				08DC525128E8654400B058ED /* ChattingViewController.swift in Sources */,
				0876386628F5856D00BE6B13 /* SearchHistoryDB.swift in Sources */,
				08DC525828E9806C00B058ED /* TextField+General.swift in Sources */,
				08DC526528E9AAFE00B058ED /* StudyInfoCollectionViewCell.swift in Sources */,
				08DC527128E9AB7700B058ED /* ScheduleTableViewCell.swift in Sources */,
				08DC523928E478D700B058ED /* RootTabViewController.swift in Sources */,
				DF88222E28EFB13F00993F2E /* SocialLoginViewController.swift in Sources */,
				08DC523128E4663B00B058ED /* DataManager.swift in Sources */,
				1972784F28F645390029F27D /* SelectDatePopupViewController.swift in Sources */,
				08DC522D28E4647400B058ED /* Button+General.swift in Sources */,
			);
			runOnlyForDeploymentPostprocessing = 0;
		};
/* End PBXSourcesBuildPhase section */

/* Begin PBXVariantGroup section */
		DFE0374028E27B5D00BE9E35 /* LaunchScreen.storyboard */ = {
			isa = PBXVariantGroup;
			children = (
				DFE0374128E27B5D00BE9E35 /* Base */,
			);
			name = LaunchScreen.storyboard;
			sourceTree = "<group>";
		};
/* End PBXVariantGroup section */

/* Begin XCBuildConfiguration section */
		DFE0374428E27B5D00BE9E35 /* Debug */ = {
			isa = XCBuildConfiguration;
			buildSettings = {
				ALWAYS_SEARCH_USER_PATHS = NO;
				CLANG_ANALYZER_NONNULL = YES;
				CLANG_ANALYZER_NUMBER_OBJECT_CONVERSION = YES_AGGRESSIVE;
				CLANG_CXX_LANGUAGE_STANDARD = "gnu++20";
				CLANG_ENABLE_MODULES = YES;
				CLANG_ENABLE_OBJC_ARC = YES;
				CLANG_ENABLE_OBJC_WEAK = YES;
				CLANG_WARN_BLOCK_CAPTURE_AUTORELEASING = YES;
				CLANG_WARN_BOOL_CONVERSION = YES;
				CLANG_WARN_COMMA = YES;
				CLANG_WARN_CONSTANT_CONVERSION = YES;
				CLANG_WARN_DEPRECATED_OBJC_IMPLEMENTATIONS = YES;
				CLANG_WARN_DIRECT_OBJC_ISA_USAGE = YES_ERROR;
				CLANG_WARN_DOCUMENTATION_COMMENTS = YES;
				CLANG_WARN_EMPTY_BODY = YES;
				CLANG_WARN_ENUM_CONVERSION = YES;
				CLANG_WARN_INFINITE_RECURSION = YES;
				CLANG_WARN_INT_CONVERSION = YES;
				CLANG_WARN_NON_LITERAL_NULL_CONVERSION = YES;
				CLANG_WARN_OBJC_IMPLICIT_RETAIN_SELF = YES;
				CLANG_WARN_OBJC_LITERAL_CONVERSION = YES;
				CLANG_WARN_OBJC_ROOT_CLASS = YES_ERROR;
				CLANG_WARN_QUOTED_INCLUDE_IN_FRAMEWORK_HEADER = YES;
				CLANG_WARN_RANGE_LOOP_ANALYSIS = YES;
				CLANG_WARN_STRICT_PROTOTYPES = YES;
				CLANG_WARN_SUSPICIOUS_MOVE = YES;
				CLANG_WARN_UNGUARDED_AVAILABILITY = YES_AGGRESSIVE;
				CLANG_WARN_UNREACHABLE_CODE = YES;
				CLANG_WARN__DUPLICATE_METHOD_MATCH = YES;
				COPY_PHASE_STRIP = NO;
				DEBUG_INFORMATION_FORMAT = dwarf;
				ENABLE_STRICT_OBJC_MSGSEND = YES;
				ENABLE_TESTABILITY = YES;
				GCC_C_LANGUAGE_STANDARD = gnu11;
				GCC_DYNAMIC_NO_PIC = NO;
				GCC_NO_COMMON_BLOCKS = YES;
				GCC_OPTIMIZATION_LEVEL = 0;
				GCC_PREPROCESSOR_DEFINITIONS = (
					"DEBUG=1",
					"$(inherited)",
				);
				GCC_WARN_64_TO_32_BIT_CONVERSION = YES;
				GCC_WARN_ABOUT_RETURN_TYPE = YES_ERROR;
				GCC_WARN_UNDECLARED_SELECTOR = YES;
				GCC_WARN_UNINITIALIZED_AUTOS = YES_AGGRESSIVE;
				GCC_WARN_UNUSED_FUNCTION = YES;
				GCC_WARN_UNUSED_VARIABLE = YES;
				IPHONEOS_DEPLOYMENT_TARGET = 15.5;
				MTL_ENABLE_DEBUG_INFO = INCLUDE_SOURCE;
				MTL_FAST_MATH = YES;
				ONLY_ACTIVE_ARCH = YES;
				SDKROOT = iphoneos;
				SWIFT_ACTIVE_COMPILATION_CONDITIONS = DEBUG;
				SWIFT_OPTIMIZATION_LEVEL = "-Onone";
			};
			name = Debug;
		};
		DFE0374528E27B5D00BE9E35 /* Release */ = {
			isa = XCBuildConfiguration;
			buildSettings = {
				ALWAYS_SEARCH_USER_PATHS = NO;
				CLANG_ANALYZER_NONNULL = YES;
				CLANG_ANALYZER_NUMBER_OBJECT_CONVERSION = YES_AGGRESSIVE;
				CLANG_CXX_LANGUAGE_STANDARD = "gnu++20";
				CLANG_ENABLE_MODULES = YES;
				CLANG_ENABLE_OBJC_ARC = YES;
				CLANG_ENABLE_OBJC_WEAK = YES;
				CLANG_WARN_BLOCK_CAPTURE_AUTORELEASING = YES;
				CLANG_WARN_BOOL_CONVERSION = YES;
				CLANG_WARN_COMMA = YES;
				CLANG_WARN_CONSTANT_CONVERSION = YES;
				CLANG_WARN_DEPRECATED_OBJC_IMPLEMENTATIONS = YES;
				CLANG_WARN_DIRECT_OBJC_ISA_USAGE = YES_ERROR;
				CLANG_WARN_DOCUMENTATION_COMMENTS = YES;
				CLANG_WARN_EMPTY_BODY = YES;
				CLANG_WARN_ENUM_CONVERSION = YES;
				CLANG_WARN_INFINITE_RECURSION = YES;
				CLANG_WARN_INT_CONVERSION = YES;
				CLANG_WARN_NON_LITERAL_NULL_CONVERSION = YES;
				CLANG_WARN_OBJC_IMPLICIT_RETAIN_SELF = YES;
				CLANG_WARN_OBJC_LITERAL_CONVERSION = YES;
				CLANG_WARN_OBJC_ROOT_CLASS = YES_ERROR;
				CLANG_WARN_QUOTED_INCLUDE_IN_FRAMEWORK_HEADER = YES;
				CLANG_WARN_RANGE_LOOP_ANALYSIS = YES;
				CLANG_WARN_STRICT_PROTOTYPES = YES;
				CLANG_WARN_SUSPICIOUS_MOVE = YES;
				CLANG_WARN_UNGUARDED_AVAILABILITY = YES_AGGRESSIVE;
				CLANG_WARN_UNREACHABLE_CODE = YES;
				CLANG_WARN__DUPLICATE_METHOD_MATCH = YES;
				COPY_PHASE_STRIP = NO;
				DEBUG_INFORMATION_FORMAT = "dwarf-with-dsym";
				ENABLE_NS_ASSERTIONS = NO;
				ENABLE_STRICT_OBJC_MSGSEND = YES;
				GCC_C_LANGUAGE_STANDARD = gnu11;
				GCC_NO_COMMON_BLOCKS = YES;
				GCC_WARN_64_TO_32_BIT_CONVERSION = YES;
				GCC_WARN_ABOUT_RETURN_TYPE = YES_ERROR;
				GCC_WARN_UNDECLARED_SELECTOR = YES;
				GCC_WARN_UNINITIALIZED_AUTOS = YES_AGGRESSIVE;
				GCC_WARN_UNUSED_FUNCTION = YES;
				GCC_WARN_UNUSED_VARIABLE = YES;
				IPHONEOS_DEPLOYMENT_TARGET = 15.5;
				MTL_ENABLE_DEBUG_INFO = NO;
				MTL_FAST_MATH = YES;
				SDKROOT = iphoneos;
				SWIFT_COMPILATION_MODE = wholemodule;
				SWIFT_OPTIMIZATION_LEVEL = "-O";
				VALIDATE_PRODUCT = YES;
			};
			name = Release;
		};
		DFE0374728E27B5D00BE9E35 /* Debug */ = {
			isa = XCBuildConfiguration;
			baseConfigurationReference = 0003277DD7AD64CED1AF30D9 /* Pods-AroundStudy.debug.xcconfig */;
			buildSettings = {
				ASSETCATALOG_COMPILER_APPICON_NAME = AppIcon;
				ASSETCATALOG_COMPILER_GLOBAL_ACCENT_COLOR_NAME = AccentColor;
				CODE_SIGN_ENTITLEMENTS = AroundStudy/AroundStudy.entitlements;
				CODE_SIGN_IDENTITY = "iPhone Developer";
				"CODE_SIGN_IDENTITY[sdk=iphoneos*]" = "iPhone Developer";
				CODE_SIGN_STYLE = Manual;
				CURRENT_PROJECT_VERSION = 1;
				DEVELOPMENT_TEAM = 5NACCZGM3F;
				"DEVELOPMENT_TEAM[sdk=iphoneos*]" = 5NACCZGM3F;
				GENERATE_INFOPLIST_FILE = YES;
				INFOPLIST_FILE = AroundStudy/Info.plist;
				INFOPLIST_KEY_UIApplicationSupportsIndirectInputEvents = YES;
				INFOPLIST_KEY_UILaunchStoryboardName = LaunchScreen;
				INFOPLIST_KEY_UIMainStoryboardFile = Main;
				INFOPLIST_KEY_UISupportedInterfaceOrientations_iPad = "UIInterfaceOrientationPortrait UIInterfaceOrientationPortraitUpsideDown UIInterfaceOrientationLandscapeLeft UIInterfaceOrientationLandscapeRight";
				INFOPLIST_KEY_UISupportedInterfaceOrientations_iPhone = "UIInterfaceOrientationPortrait UIInterfaceOrientationLandscapeLeft UIInterfaceOrientationLandscapeRight";
				IPHONEOS_DEPLOYMENT_TARGET = 14.0;
				LD_RUNPATH_SEARCH_PATHS = (
					"$(inherited)",
					"@executable_path/Frameworks",
				);
				MARKETING_VERSION = 1.0;
				PRODUCT_BUNDLE_IDENTIFIER = kr.co.studyaround.AroundStudy;
				PRODUCT_NAME = "$(TARGET_NAME)";
				PROVISIONING_PROFILE_SPECIFIER = AroundStudyDevelopment;
				"PROVISIONING_PROFILE_SPECIFIER[sdk=iphoneos*]" = AroundStudyDevelopment;
				SWIFT_EMIT_LOC_STRINGS = YES;
				SWIFT_VERSION = 5.0;
				TARGETED_DEVICE_FAMILY = 1;
			};
			name = Debug;
		};
		DFE0374828E27B5D00BE9E35 /* Release */ = {
			isa = XCBuildConfiguration;
			baseConfigurationReference = 82395ECBC730C264D56A62EC /* Pods-AroundStudy.release.xcconfig */;
			buildSettings = {
				ASSETCATALOG_COMPILER_APPICON_NAME = AppIcon;
				ASSETCATALOG_COMPILER_GLOBAL_ACCENT_COLOR_NAME = AccentColor;
				CODE_SIGN_ENTITLEMENTS = AroundStudy/AroundStudy.entitlements;
				CODE_SIGN_IDENTITY = "iPhone Distribution";
				CODE_SIGN_STYLE = Manual;
				CURRENT_PROJECT_VERSION = 1;
				DEVELOPMENT_TEAM = 5NACCZGM3F;
				"DEVELOPMENT_TEAM[sdk=iphoneos*]" = 5NACCZGM3F;
				GENERATE_INFOPLIST_FILE = YES;
				INFOPLIST_FILE = AroundStudy/Info.plist;
				INFOPLIST_KEY_UIApplicationSupportsIndirectInputEvents = YES;
				INFOPLIST_KEY_UILaunchStoryboardName = LaunchScreen;
				INFOPLIST_KEY_UIMainStoryboardFile = Main;
				INFOPLIST_KEY_UISupportedInterfaceOrientations_iPad = "UIInterfaceOrientationPortrait UIInterfaceOrientationPortraitUpsideDown UIInterfaceOrientationLandscapeLeft UIInterfaceOrientationLandscapeRight";
				INFOPLIST_KEY_UISupportedInterfaceOrientations_iPhone = "UIInterfaceOrientationPortrait UIInterfaceOrientationLandscapeLeft UIInterfaceOrientationLandscapeRight";
				IPHONEOS_DEPLOYMENT_TARGET = 14.0;
				LD_RUNPATH_SEARCH_PATHS = (
					"$(inherited)",
					"@executable_path/Frameworks",
				);
				MARKETING_VERSION = 1.0;
				PRODUCT_BUNDLE_IDENTIFIER = kr.co.studyaround.AroundStudy;
				PRODUCT_NAME = "$(TARGET_NAME)";
				PROVISIONING_PROFILE_SPECIFIER = AroundStudyDistribution_Appstore;
				"PROVISIONING_PROFILE_SPECIFIER[sdk=iphoneos*]" = AroundStudyDistribution_Appstore;
				SWIFT_EMIT_LOC_STRINGS = YES;
				SWIFT_VERSION = 5.0;
				TARGETED_DEVICE_FAMILY = 1;
			};
			name = Release;
		};
/* End XCBuildConfiguration section */

/* Begin XCConfigurationList section */
		DFE0372D28E27B5B00BE9E35 /* Build configuration list for PBXProject "AroundStudy" */ = {
			isa = XCConfigurationList;
			buildConfigurations = (
				DFE0374428E27B5D00BE9E35 /* Debug */,
				DFE0374528E27B5D00BE9E35 /* Release */,
			);
			defaultConfigurationIsVisible = 0;
			defaultConfigurationName = Release;
		};
		DFE0374628E27B5D00BE9E35 /* Build configuration list for PBXNativeTarget "AroundStudy" */ = {
			isa = XCConfigurationList;
			buildConfigurations = (
				DFE0374728E27B5D00BE9E35 /* Debug */,
				DFE0374828E27B5D00BE9E35 /* Release */,
			);
			defaultConfigurationIsVisible = 0;
			defaultConfigurationName = Release;
		};
/* End XCConfigurationList section */
	};
	rootObject = DFE0372A28E27B5B00BE9E35 /* Project object */;
}
